
Microsoft Visual Studio Solution File, Format Version 12.00
# Visual Studio 15
VisualStudioVersion = 15.0.28010.2016
MinimumVisualStudioVersion = 10.0.40219.1
Project("{9A19103F-16F7-4668-BE54-9A1E7A4F7556}") = "ng-hosted", "ng-hosted.csproj", "{78F105A1-4178-49EE-8888-E36B9D4FAE6F}"
EndProject
Global
	GlobalSection(SolutionConfigurationPlatforms) = preSolution
		Debug|Any CPU = Debug|Any CPU
		Release|Any CPU = Release|Any CPU
	EndGlobalSection
	GlobalSection(ProjectConfigurationPlatforms) = postSolution
		{78F105A1-4178-49EE-8888-E36B9D4FAE6F}.Debug|Any CPU.ActiveCfg = Debug|Any CPU
		{78F105A1-4178-49EE-8888-E36B9D4FAE6F}.Debug|Any CPU.Build.0 = Debug|Any CPU
		{78F105A1-4178-49EE-8888-E36B9D4FAE6F}.Release|Any CPU.ActiveCfg = Release|Any CPU
		{78F105A1-4178-49EE-8888-E36B9D4FAE6F}.Release|Any CPU.Build.0 = Release|Any CPU
	EndGlobalSection
	GlobalSection(SolutionProperties) = preSolution
		HideSolutionNode = FALSE
	EndGlobalSection
	GlobalSection(ExtensibilityGlobals) = postSolution
		SolutionGuid = {6677D22A-D7EB-4A17-9C40-30210ADE7269}
	EndGlobalSection
EndGlobal
